
Microsoft Visual Studio Solution File, Format Version 12.00
# Visual Studio Version 17
VisualStudioVersion = 17.8.34525.116
MinimumVisualStudioVersion = 10.0.40219.1
Project("{9A19103F-16F7-4668-BE54-9A1E7A4F7556}") = "EfCore.Entities", "EfCore.Entities\EfCore.Entities.csproj", "{F3E2059C-C6B8-4952-BDBE-F65E254FC4F3}"
EndProject
Project("{9A19103F-16F7-4668-BE54-9A1E7A4F7556}") = "EfCore.DataAccess", "EfCore.DataAccess\EfCore.DataAccess.csproj", "{24B2FE54-399D-484B-97B9-8932305F0BB8}"
EndProject
Project("{9A19103F-16F7-4668-BE54-9A1E7A4F7556}") = "EfCore.Business", "EfCore.Business\EfCore.Business.csproj", "{FDA12881-DA13-4273-B8CE-4860EC1F4B6B}"
EndProject
Project("{9A19103F-16F7-4668-BE54-9A1E7A4F7556}") = "EfCore.Dtos", "EfCore.Dtos\EfCore.Dtos.csproj", "{068BC7B9-0221-41DD-B8D2-A2DA9B469790}"
EndProject
Project("{9A19103F-16F7-4668-BE54-9A1E7A4F7556}") = "EfCore.UI", "EfCore.UI\EfCore.UI.csproj", "{E5DB5550-B6EF-433A-AE0C-ECC6A8C48C71}"
EndProject
Project("{FAE04EC0-301F-11D3-BF4B-00C04F79EFBC}") = "EfCore.Common", "EfCore.Common\EfCore.Common.csproj", "{6CEA97F4-0051-48FB-A142-594E9387AEFD}"
EndProject
Global
	GlobalSection(SolutionConfigurationPlatforms) = preSolution
		Debug|Any CPU = Debug|Any CPU
		Release|Any CPU = Release|Any CPU
	EndGlobalSection
	GlobalSection(ProjectConfigurationPlatforms) = postSolution
		{F3E2059C-C6B8-4952-BDBE-F65E254FC4F3}.Debug|Any CPU.ActiveCfg = Debug|Any CPU
		{F3E2059C-C6B8-4952-BDBE-F65E254FC4F3}.Debug|Any CPU.Build.0 = Debug|Any CPU
		{F3E2059C-C6B8-4952-BDBE-F65E254FC4F3}.Release|Any CPU.ActiveCfg = Release|Any CPU
		{F3E2059C-C6B8-4952-BDBE-F65E254FC4F3}.Release|Any CPU.Build.0 = Release|Any CPU
		{24B2FE54-399D-484B-97B9-8932305F0BB8}.Debug|Any CPU.ActiveCfg = Debug|Any CPU
		{24B2FE54-399D-484B-97B9-8932305F0BB8}.Debug|Any CPU.Build.0 = Debug|Any CPU
		{24B2FE54-399D-484B-97B9-8932305F0BB8}.Release|Any CPU.ActiveCfg = Release|Any CPU
		{24B2FE54-399D-484B-97B9-8932305F0BB8}.Release|Any CPU.Build.0 = Release|Any CPU
		{FDA12881-DA13-4273-B8CE-4860EC1F4B6B}.Debug|Any CPU.ActiveCfg = Debug|Any CPU
		{FDA12881-DA13-4273-B8CE-4860EC1F4B6B}.Debug|Any CPU.Build.0 = Debug|Any CPU
		{FDA12881-DA13-4273-B8CE-4860EC1F4B6B}.Release|Any CPU.ActiveCfg = Release|Any CPU
		{FDA12881-DA13-4273-B8CE-4860EC1F4B6B}.Release|Any CPU.Build.0 = Release|Any CPU
		{068BC7B9-0221-41DD-B8D2-A2DA9B469790}.Debug|Any CPU.ActiveCfg = Debug|Any CPU
		{068BC7B9-0221-41DD-B8D2-A2DA9B469790}.Debug|Any CPU.Build.0 = Debug|Any CPU
		{068BC7B9-0221-41DD-B8D2-A2DA9B469790}.Release|Any CPU.ActiveCfg = Release|Any CPU
		{068BC7B9-0221-41DD-B8D2-A2DA9B469790}.Release|Any CPU.Build.0 = Release|Any CPU
		{E5DB5550-B6EF-433A-AE0C-ECC6A8C48C71}.Debug|Any CPU.ActiveCfg = Debug|Any CPU
		{E5DB5550-B6EF-433A-AE0C-ECC6A8C48C71}.Debug|Any CPU.Build.0 = Debug|Any CPU
		{E5DB5550-B6EF-433A-AE0C-ECC6A8C48C71}.Release|Any CPU.ActiveCfg = Release|Any CPU
		{E5DB5550-B6EF-433A-AE0C-ECC6A8C48C71}.Release|Any CPU.Build.0 = Release|Any CPU
		{6CEA97F4-0051-48FB-A142-594E9387AEFD}.Debug|Any CPU.ActiveCfg = Debug|Any CPU
		{6CEA97F4-0051-48FB-A142-594E9387AEFD}.Debug|Any CPU.Build.0 = Debug|Any CPU
		{6CEA97F4-0051-48FB-A142-594E9387AEFD}.Release|Any CPU.ActiveCfg = Release|Any CPU
		{6CEA97F4-0051-48FB-A142-594E9387AEFD}.Release|Any CPU.Build.0 = Release|Any CPU
	EndGlobalSection
	GlobalSection(SolutionProperties) = preSolution
		HideSolutionNode = FALSE
	EndGlobalSection
	GlobalSection(ExtensibilityGlobals) = postSolution
		SolutionGuid = {A65BD82E-6CA0-4D9A-9D5D-1F106F005CE5}
	EndGlobalSection
EndGlobal
